Microsoft Visual Studio Solution File, Format Version 8.00
Project("{F184B08F-C81C-45F6-A57F-5ABD9991F28F}") = "Nano RV", "Nano RV.vbproj", "{1BDC9428-073A-4ACD-8708-7E03883FF930}"
	ProjectSection(ProjectDependencies) = postProject
	EndProjectSection
EndProject
Global
	GlobalSection(SolutionConfiguration) = preSolution
		Debug = Debug
		Release = Release
	EndGlobalSection
	GlobalSection(ProjectConfiguration) = postSolution
		{1BDC9428-073A-4ACD-8708-7E03883FF930}.Debug.ActiveCfg = Debug|.NET
		{1BDC9428-073A-4ACD-8708-7E03883FF930}.Debug.Build.0 = Debug|.NET
		{1BDC9428-073A-4ACD-8708-7E03883FF930}.Release.ActiveCfg = Release|.NET
		{1BDC9428-073A-4ACD-8708-7E03883FF930}.Release.Build.0 = Release|.NET
	EndGlobalSection
	GlobalSection(ExtensibilityGlobals) = postSolution
	EndGlobalSection
	GlobalSection(ExtensibilityAddIns) = postSolution
	EndGlobalSection
EndGlobal
